// !$*UTF8*$!
{
	archiveVersion = 1;
	classes = {
	};
	objectVersion = 46;
	objects = {

/* Begin PBXBuildFile section */
		1F259267179F160B003D388B /* main.cpp in Sources */ = {isa = PBXBuildFile; fileRef = 1F259266179F160B003D388B /* main.cpp */; };
		1F259269179F160B003D388B /* encrypt.1 in CopyFiles */ = {isa = PBXBuildFile; fileRef = 1F259268179F160B003D388B /* encrypt.1 */; };
		1F259274179F161F003D388B /* main.cpp in Sources */ = {isa = PBXBuildFile; fileRef = 1F259273179F161F003D388B /* main.cpp */; };
		1F259276179F161F003D388B /* decrypt.1 in CopyFiles */ = {isa = PBXBuildFile; fileRef = 1F259275179F161F003D388B /* decrypt.1 */; };
		1F259281179F166A003D388B /* main.cpp in Sources */ = {isa = PBXBuildFile; fileRef = 1F259280179F166A003D388B /* main.cpp */; };
		1F259283179F166A003D388B /* keygen.1 in CopyFiles */ = {isa = PBXBuildFile; fileRef = 1F259282179F166A003D388B /* keygen.1 */; };
		1F7623CD17BD795700923F70 /* Timer.cpp in Sources */ = {isa = PBXBuildFile; fileRef = 1F7623CC17BD795700923F70 /* Timer.cpp */; };
		1F7623CE17BD795700923F70 /* Timer.cpp in Sources */ = {isa = PBXBuildFile; fileRef = 1F7623CC17BD795700923F70 /* Timer.cpp */; };
		1F7623CF17BD795700923F70 /* Timer.cpp in Sources */ = {isa = PBXBuildFile; fileRef = 1F7623CC17BD795700923F70 /* Timer.cpp */; };
		1FD31E9B17A095A50021D1EB /* libcryptopp.a in Frameworks */ = {isa = PBXBuildFile; fileRef = 1FD31E9A17A095A40021D1EB /* libcryptopp.a */; };
		1FD31E9C17A095A50021D1EB /* libcryptopp.a in Frameworks */ = {isa = PBXBuildFile; fileRef = 1FD31E9A17A095A40021D1EB /* libcryptopp.a */; };
		1FD31E9D17A095A50021D1EB /* libcryptopp.a in Frameworks */ = {isa = PBXBuildFile; fileRef = 1FD31E9A17A095A40021D1EB /* libcryptopp.a */; };
/* End PBXBuildFile section */

/* Begin PBXCopyFilesBuildPhase section */
		1F259262179F160B003D388B /* CopyFiles */ = {
			isa = PBXCopyFilesBuildPhase;
			buildActionMask = 2147483647;
			dstPath = /usr/share/man/man1/;
			dstSubfolderSpec = 0;
			files = (
				1F259269179F160B003D388B /* encrypt.1 in CopyFiles */,
			);
			runOnlyForDeploymentPostprocessing = 1;
		};
		1F25926F179F161F003D388B /* CopyFiles */ = {
			isa = PBXCopyFilesBuildPhase;
			buildActionMask = 2147483647;
			dstPath = /usr/share/man/man1/;
			dstSubfolderSpec = 0;
			files = (
				1F259276179F161F003D388B /* decrypt.1 in CopyFiles */,
			);
			runOnlyForDeploymentPostprocessing = 1;
		};
		1F25927C179F166A003D388B /* CopyFiles */ = {
			isa = PBXCopyFilesBuildPhase;
			buildActionMask = 2147483647;
			dstPath = /usr/share/man/man1/;
			dstSubfolderSpec = 0;
			files = (
				1F259283179F166A003D388B /* keygen.1 in CopyFiles */,
			);
			runOnlyForDeploymentPostprocessing = 1;
		};
/* End PBXCopyFilesBuildPhase section */

/* Begin PBXFileReference section */
		1F259264179F160B003D388B /* encrypt */ = {isa = PBXFileReference; explicitFileType = "compiled.mach-o.executable"; includeInIndex = 0; path = encrypt; sourceTree = BUILT_PRODUCTS_DIR; };
		1F259266179F160B003D388B /* main.cpp */ = {isa = PBXFileReference; lastKnownFileType = sourcecode.cpp.cpp; path = main.cpp; sourceTree = "<group>"; };
		1F259268179F160B003D388B /* encrypt.1 */ = {isa = PBXFileReference; lastKnownFileType = text.man; path = encrypt.1; sourceTree = "<group>"; };
		1F259271179F161F003D388B /* decrypt */ = {isa = PBXFileReference; explicitFileType = "compiled.mach-o.executable"; includeInIndex = 0; path = decrypt; sourceTree = BUILT_PRODUCTS_DIR; };
		1F259273179F161F003D388B /* main.cpp */ = {isa = PBXFileReference; lastKnownFileType = sourcecode.cpp.cpp; path = main.cpp; sourceTree = "<group>"; };
		1F259275179F161F003D388B /* decrypt.1 */ = {isa = PBXFileReference; lastKnownFileType = text.man; path = decrypt.1; sourceTree = "<group>"; };
		1F25927E179F166A003D388B /* keygen */ = {isa = PBXFileReference; explicitFileType = "compiled.mach-o.executable"; includeInIndex = 0; path = keygen; sourceTree = BUILT_PRODUCTS_DIR; };
		1F259280179F166A003D388B /* main.cpp */ = {isa = PBXFileReference; lastKnownFileType = sourcecode.cpp.cpp; path = main.cpp; sourceTree = "<group>"; };
		1F259282179F166A003D388B /* keygen.1 */ = {isa = PBXFileReference; lastKnownFileType = text.man; path = keygen.1; sourceTree = "<group>"; };
		1F7623CB17BD789D00923F70 /* Timer.h */ = {isa = PBXFileReference; fileEncoding = 4; lastKnownFileType = sourcecode.c.h; path = Timer.h; sourceTree = "<group>"; };
		1F7623CC17BD795700923F70 /* Timer.cpp */ = {isa = PBXFileReference; fileEncoding = 4; lastKnownFileType = sourcecode.cpp.cpp; path = Timer.cpp; sourceTree = "<group>"; };
		1FD31E9A17A095A40021D1EB /* libcryptopp.a */ = {isa = PBXFileReference; lastKnownFileType = archive.ar; path = libcryptopp.a; sourceTree = "<group>"; };
		1FF6462617B841BD00AD1A6F /* 3way.h */ = {isa = PBXFileReference; lastKnownFileType = sourcecode.c.h; path = 3way.h; sourceTree = "<group>"; };
		1FF6462717B841BD00AD1A6F /* adler32.h */ = {isa = PBXFileReference; lastKnownFileType = sourcecode.c.h; path = adler32.h; sourceTree = "<group>"; };
		1FF6462817B841BD00AD1A6F /* aes.h */ = {isa = PBXFileReference; lastKnownFileType = sourcecode.c.h; path = aes.h; sourceTree = "<group>"; };
		1FF6462917B841BD00AD1A6F /* algebra.h */ = {isa = PBXFileReference; lastKnownFileType = sourcecode.c.h; path = algebra.h; sourceTree = "<group>"; };
		1FF6462A17B841BD00AD1A6F /* algparam.h */ = {isa = PBXFileReference; lastKnownFileType = sourcecode.c.h; path = algparam.h; sourceTree = "<group>"; };
		1FF6462B17B841BD00AD1A6F /* arc4.h */ = {isa = PBXFileReference; lastKnownFileType = sourcecode.c.h; path = arc4.h; sourceTree = "<group>"; };
		1FF6462C17B841BD00AD1A6F /* argnames.h */ = {isa = PBXFileReference; lastKnownFileType = sourcecode.c.h; path = argnames.h; sourceTree = "<group>"; };
		1FF6462D17B841BD00AD1A6F /* asn.h */ = {isa = PBXFileReference; lastKnownFileType = sourcecode.c.h; path = asn.h; sourceTree = "<group>"; };
		1FF6462E17B841BD00AD1A6F /* authenc.h */ = {isa = PBXFileReference; lastKnownFileType = sourcecode.c.h; path = authenc.h; sourceTree = "<group>"; };
		1FF6462F17B841BD00AD1A6F /* base32.h */ = {isa = PBXFileReference; lastKnownFileType = sourcecode.c.h; path = base32.h; sourceTree = "<group>"; };
		1FF6463017B841BD00AD1A6F /* base64.h */ = {isa = PBXFileReference; lastKnownFileType = sourcecode.c.h; path = base64.h; sourceTree = "<group>"; };
		1FF6463117B841BD00AD1A6F /* basecode.h */ = {isa = PBXFileReference; lastKnownFileType = sourcecode.c.h; path = basecode.h; sourceTree = "<group>"; };
		1FF6463217B841BD00AD1A6F /* bench.h */ = {isa = PBXFileReference; lastKnownFileType = sourcecode.c.h; path = bench.h; sourceTree = "<group>"; };
		1FF6463317B841BD00AD1A6F /* blowfish.h */ = {isa = PBXFileReference; lastKnownFileType = sourcecode.c.h; path = blowfish.h; sourceTree = "<group>"; };
		1FF6463417B841BD00AD1A6F /* blumshub.h */ = {isa = PBXFileReference; lastKnownFileType = sourcecode.c.h; path = blumshub.h; sourceTree = "<group>"; };
		1FF6463517B841BD00AD1A6F /* camellia.h */ = {isa = PBXFileReference; lastKnownFileType = sourcecode.c.h; path = camellia.h; sourceTree = "<group>"; };
		1FF6463617B841BD00AD1A6F /* cast.h */ = {isa = PBXFileReference; lastKnownFileType = sourcecode.c.h; path = cast.h; sourceTree = "<group>"; };
		1FF6463717B841BD00AD1A6F /* cbcmac.h */ = {isa = PBXFileReference; lastKnownFileType = sourcecode.c.h; path = cbcmac.h; sourceTree = "<group>"; };
		1FF6463817B841BD00AD1A6F /* ccm.h */ = {isa = PBXFileReference; lastKnownFileType = sourcecode.c.h; path = ccm.h; sourceTree = "<group>"; };
		1FF6463917B841BD00AD1A6F /* channels.h */ = {isa = PBXFileReference; lastKnownFileType = sourcecode.c.h; path = channels.h; sourceTree = "<group>"; };
		1FF6463A17B841BD00AD1A6F /* cmac.h */ = {isa = PBXFileReference; lastKnownFileType = sourcecode.c.h; path = cmac.h; sourceTree = "<group>"; };
		1FF6463B17B841BD00AD1A6F /* config.h */ = {isa = PBXFileReference; lastKnownFileType = sourcecode.c.h; path = config.h; sourceTree = "<group>"; };
		1FF6463C17B841BD00AD1A6F /* cpu.h */ = {isa = PBXFileReference; lastKnownFileType = sourcecode.c.h; path = cpu.h; sourceTree = "<group>"; };
		1FF6463D17B841BD00AD1A6F /* crc.h */ = {isa = PBXFileReference; lastKnownFileType = sourcecode.c.h; path = crc.h; sourceTree = "<group>"; };
		1FF6463E17B841BD00AD1A6F /* cryptlib.h */ = {isa = PBXFileReference; lastKnownFileType = sourcecode.c.h; path = cryptlib.h; sourceTree = "<group>"; };
		1FF6463F17B841BD00AD1A6F /* default.h */ = {isa = PBXFileReference; lastKnownFileType = sourcecode.c.h; path = default.h; sourceTree = "<group>"; };
		1FF6464017B841BD00AD1A6F /* des.h */ = {isa = PBXFileReference; lastKnownFileType = sourcecode.c.h; path = des.h; sourceTree = "<group>"; };
		1FF6464117B841BD00AD1A6F /* dh.h */ = {isa = PBXFileReference; lastKnownFileType = sourcecode.c.h; path = dh.h; sourceTree = "<group>"; };
		1FF6464217B841BD00AD1A6F /* dh2.h */ = {isa = PBXFileReference; lastKnownFileType = sourcecode.c.h; path = dh2.h; sourceTree = "<group>"; };
		1FF6464317B841BD00AD1A6F /* dll.h */ = {isa = PBXFileReference; lastKnownFileType = sourcecode.c.h; path = dll.h; sourceTree = "<group>"; };
		1FF6464417B841BD00AD1A6F /* dmac.h */ = {isa = PBXFileReference; lastKnownFileType = sourcecode.c.h; path = dmac.h; sourceTree = "<group>"; };
		1FF6464517B841BD00AD1A6F /* dsa.h */ = {isa = PBXFileReference; lastKnownFileType = sourcecode.c.h; path = dsa.h; sourceTree = "<group>"; };
		1FF6464617B841BD00AD1A6F /* eax.h */ = {isa = PBXFileReference; lastKnownFileType = sourcecode.c.h; path = eax.h; sourceTree = "<group>"; };
		1FF6464717B841BD00AD1A6F /* ec2n.h */ = {isa = PBXFileReference; lastKnownFileType = sourcecode.c.h; path = ec2n.h; sourceTree = "<group>"; };
		1FF6464817B841BD00AD1A6F /* eccrypto.h */ = {isa = PBXFileReference; lastKnownFileType = sourcecode.c.h; path = eccrypto.h; sourceTree = "<group>"; };
		1FF6464917B841BD00AD1A6F /* ecp.h */ = {isa = PBXFileReference; lastKnownFileType = sourcecode.c.h; path = ecp.h; sourceTree = "<group>"; };
		1FF6464A17B841BD00AD1A6F /* elgamal.h */ = {isa = PBXFileReference; lastKnownFileType = sourcecode.c.h; path = elgamal.h; sourceTree = "<group>"; };
		1FF6464B17B841BD00AD1A6F /* emsa2.h */ = {isa = PBXFileReference; lastKnownFileType = sourcecode.c.h; path = emsa2.h; sourceTree = "<group>"; };
		1FF6464C17B841BD00AD1A6F /* eprecomp.h */ = {isa = PBXFileReference; lastKnownFileType = sourcecode.c.h; path = eprecomp.h; sourceTree = "<group>"; };
		1FF6464D17B841BD00AD1A6F /* esign.h */ = {isa = PBXFileReference; lastKnownFileType = sourcecode.c.h; path = esign.h; sourceTree = "<group>"; };
		1FF6464E17B841BD00AD1A6F /* factory.h */ = {isa = PBXFileReference; lastKnownFileType = sourcecode.c.h; path = factory.h; sourceTree = "<group>"; };
		1FF6464F17B841BD00AD1A6F /* files.h */ = {isa = PBXFileReference; lastKnownFileType = sourcecode.c.h; path = files.h; sourceTree = "<group>"; };
		1FF6465017B841BD00AD1A6F /* filters.h */ = {isa = PBXFileReference; lastKnownFileType = sourcecode.c.h; path = filters.h; sourceTree = "<group>"; };
		1FF6465117B841BD00AD1A6F /* fips140.h */ = {isa = PBXFileReference; lastKnownFileType = sourcecode.c.h; path = fips140.h; sourceTree = "<group>"; };
		1FF6465217B841BD00AD1A6F /* fltrimpl.h */ = {isa = PBXFileReference; lastKnownFileType = sourcecode.c.h; path = fltrimpl.h; sourceTree = "<group>"; };
		1FF6465317B841BD00AD1A6F /* gcm.h */ = {isa = PBXFileReference; lastKnownFileType = sourcecode.c.h; path = gcm.h; sourceTree = "<group>"; };
		1FF6465417B841BD00AD1A6F /* gf256.h */ = {isa = PBXFileReference; lastKnownFileType = sourcecode.c.h; path = gf256.h; sourceTree = "<group>"; };
		1FF6465517B841BD00AD1A6F /* gf2_32.h */ = {isa = PBXFileReference; lastKnownFileType = sourcecode.c.h; path = gf2_32.h; sourceTree = "<group>"; };
		1FF6465617B841BD00AD1A6F /* gf2n.h */ = {isa = PBXFileReference; lastKnownFileType = sourcecode.c.h; path = gf2n.h; sourceTree = "<group>"; };
		1FF6465717B841BD00AD1A6F /* gfpcrypt.h */ = {isa = PBXFileReference; lastKnownFileType = sourcecode.c.h; path = gfpcrypt.h; sourceTree = "<group>"; };
		1FF6465817B841BD00AD1A6F /* gost.h */ = {isa = PBXFileReference; lastKnownFileType = sourcecode.c.h; path = gost.h; sourceTree = "<group>"; };
		1FF6465917B841BD00AD1A6F /* gzip.h */ = {isa = PBXFileReference; lastKnownFileType = sourcecode.c.h; path = gzip.h; sourceTree = "<group>"; };
		1FF6465A17B841BD00AD1A6F /* hex.h */ = {isa = PBXFileReference; lastKnownFileType = sourcecode.c.h; path = hex.h; sourceTree = "<group>"; };
		1FF6465B17B841BD00AD1A6F /* hmac.h */ = {isa = PBXFileReference; lastKnownFileType = sourcecode.c.h; path = hmac.h; sourceTree = "<group>"; };
		1FF6465C17B841BD00AD1A6F /* hrtimer.h */ = {isa = PBXFileReference; lastKnownFileType = sourcecode.c.h; path = hrtimer.h; sourceTree = "<group>"; };
		1FF6465D17B841BD00AD1A6F /* ida.h */ = {isa = PBXFileReference; lastKnownFileType = sourcecode.c.h; path = ida.h; sourceTree = "<group>"; };
		1FF6465E17B841BD00AD1A6F /* idea.h */ = {isa = PBXFileReference; lastKnownFileType = sourcecode.c.h; path = idea.h; sourceTree = "<group>"; };
		1FF6465F17B841BD00AD1A6F /* integer.h */ = {isa = PBXFileReference; lastKnownFileType = sourcecode.c.h; path = integer.h; sourceTree = "<group>"; };
		1FF6466017B841BD00AD1A6F /* iterhash.h */ = {isa = PBXFileReference; lastKnownFileType = sourcecode.c.h; path = iterhash.h; sourceTree = "<group>"; };
		1FF6466117B841BD00AD1A6F /* lubyrack.h */ = {isa = PBXFileReference; lastKnownFileType = sourcecode.c.h; path = lubyrack.h; sourceTree = "<group>"; };
		1FF6466217B841BD00AD1A6F /* luc.h */ = {isa = PBXFileReference; lastKnownFileType = sourcecode.c.h; path = luc.h; sourceTree = "<group>"; };
		1FF6466317B841BD00AD1A6F /* mars.h */ = {isa = PBXFileReference; lastKnownFileType = sourcecode.c.h; path = mars.h; sourceTree = "<group>"; };
		1FF6466417B841BD00AD1A6F /* md2.h */ = {isa = PBXFileReference; lastKnownFileType = sourcecode.c.h; path = md2.h; sourceTree = "<group>"; };
		1FF6466517B841BD00AD1A6F /* md4.h */ = {isa = PBXFileReference; lastKnownFileType = sourcecode.c.h; path = md4.h; sourceTree = "<group>"; };
		1FF6466617B841BD00AD1A6F /* md5.h */ = {isa = PBXFileReference; lastKnownFileType = sourcecode.c.h; path = md5.h; sourceTree = "<group>"; };
		1FF6466717B841BD00AD1A6F /* mdc.h */ = {isa = PBXFileReference; lastKnownFileType = sourcecode.c.h; path = mdc.h; sourceTree = "<group>"; };
		1FF6466817B841BD00AD1A6F /* misc.h */ = {isa = PBXFileReference; lastKnownFileType = sourcecode.c.h; path = misc.h; sourceTree = "<group>"; };
		1FF6466917B841BD00AD1A6F /* modarith.h */ = {isa = PBXFileReference; lastKnownFileType = sourcecode.c.h; path = modarith.h; sourceTree = "<group>"; };
		1FF6466A17B841BD00AD1A6F /* modes.h */ = {isa = PBXFileReference; lastKnownFileType = sourcecode.c.h; path = modes.h; sourceTree = "<group>"; };
		1FF6466B17B841BD00AD1A6F /* modexppc.h */ = {isa = PBXFileReference; lastKnownFileType = sourcecode.c.h; path = modexppc.h; sourceTree = "<group>"; };
		1FF6466C17B841BD00AD1A6F /* mqueue.h */ = {isa = PBXFileReference; lastKnownFileType = sourcecode.c.h; path = mqueue.h; sourceTree = "<group>"; };
		1FF6466D17B841BD00AD1A6F /* mqv.h */ = {isa = PBXFileReference; lastKnownFileType = sourcecode.c.h; path = mqv.h; sourceTree = "<group>"; };
		1FF6466E17B841BD00AD1A6F /* nbtheory.h */ = {isa = PBXFileReference; lastKnownFileType = sourcecode.c.h; path = nbtheory.h; sourceTree = "<group>"; };
		1FF6466F17B841BD00AD1A6F /* network.h */ = {isa = PBXFileReference; lastKnownFileType = sourcecode.c.h; path = network.h; sourceTree = "<group>"; };
		1FF6467017B841BD00AD1A6F /* nr.h */ = {isa = PBXFileReference; lastKnownFileType = sourcecode.c.h; path = nr.h; sourceTree = "<group>"; };
		1FF6467117B841BD00AD1A6F /* oaep.h */ = {isa = PBXFileReference; lastKnownFileType = sourcecode.c.h; path = oaep.h; sourceTree = "<group>"; };
		1FF6467217B841BD00AD1A6F /* oids.h */ = {isa = PBXFileReference; lastKnownFileType = sourcecode.c.h; path = oids.h; sourceTree = "<group>"; };
		1FF6467317B841BD00AD1A6F /* osrng.h */ = {isa = PBXFileReference; lastKnownFileType = sourcecode.c.h; path = osrng.h; sourceTree = "<group>"; };
		1FF6467417B841BD00AD1A6F /* panama.h */ = {isa = PBXFileReference; lastKnownFileType = sourcecode.c.h; path = panama.h; sourceTree = "<group>"; };
		1FF6467517B841BD00AD1A6F /* pch.h */ = {isa = PBXFileReference; lastKnownFileType = sourcecode.c.h; path = pch.h; sourceTree = "<group>"; };
		1FF6467617B841BD00AD1A6F /* pkcspad.h */ = {isa = PBXFileReference; lastKnownFileType = sourcecode.c.h; path = pkcspad.h; sourceTree = "<group>"; };
		1FF6467717B841BD00AD1A6F /* polynomi.h */ = {isa = PBXFileReference; lastKnownFileType = sourcecode.c.h; path = polynomi.h; sourceTree = "<group>"; };
		1FF6467817B841BD00AD1A6F /* pssr.h */ = {isa = PBXFileReference; lastKnownFileType = sourcecode.c.h; path = pssr.h; sourceTree = "<group>"; };
		1FF6467917B841BD00AD1A6F /* pubkey.h */ = {isa = PBXFileReference; lastKnownFileType = sourcecode.c.h; path = pubkey.h; sourceTree = "<group>"; };
		1FF6467A17B841BD00AD1A6F /* pwdbased.h */ = {isa = PBXFileReference; lastKnownFileType = sourcecode.c.h; path = pwdbased.h; sourceTree = "<group>"; };
		1FF6467B17B841BD00AD1A6F /* queue.h */ = {isa = PBXFileReference; lastKnownFileType = sourcecode.c.h; path = queue.h; sourceTree = "<group>"; };
		1FF6467C17B841BD00AD1A6F /* rabin.h */ = {isa = PBXFileReference; lastKnownFileType = sourcecode.c.h; path = rabin.h; sourceTree = "<group>"; };
		1FF6467D17B841BD00AD1A6F /* randpool.h */ = {isa = PBXFileReference; lastKnownFileType = sourcecode.c.h; path = randpool.h; sourceTree = "<group>"; };
		1FF6467E17B841BD00AD1A6F /* rc2.h */ = {isa = PBXFileReference; lastKnownFileType = sourcecode.c.h; path = rc2.h; sourceTree = "<group>"; };
		1FF6467F17B841BD00AD1A6F /* rc5.h */ = {isa = PBXFileReference; lastKnownFileType = sourcecode.c.h; path = rc5.h; sourceTree = "<group>"; };
		1FF6468017B841BD00AD1A6F /* rc6.h */ = {isa = PBXFileReference; lastKnownFileType = sourcecode.c.h; path = rc6.h; sourceTree = "<group>"; };
		1FF6468117B841BD00AD1A6F /* resource.h */ = {isa = PBXFileReference; lastKnownFileType = sourcecode.c.h; path = resource.h; sourceTree = "<group>"; };
		1FF6468217B841BD00AD1A6F /* rijndael.h */ = {isa = PBXFileReference; lastKnownFileType = sourcecode.c.h; path = rijndael.h; sourceTree = "<group>"; };
		1FF6468317B841BD00AD1A6F /* ripemd.h */ = {isa = PBXFileReference; lastKnownFileType = sourcecode.c.h; path = ripemd.h; sourceTree = "<group>"; };
		1FF6468417B841BD00AD1A6F /* rng.h */ = {isa = PBXFileReference; lastKnownFileType = sourcecode.c.h; path = rng.h; sourceTree = "<group>"; };
		1FF6468517B841BD00AD1A6F /* rsa.h */ = {isa = PBXFileReference; lastKnownFileType = sourcecode.c.h; path = rsa.h; sourceTree = "<group>"; };
		1FF6468617B841BD00AD1A6F /* rw.h */ = {isa = PBXFileReference; lastKnownFileType = sourcecode.c.h; path = rw.h; sourceTree = "<group>"; };
		1FF6468717B841BD00AD1A6F /* safer.h */ = {isa = PBXFileReference; lastKnownFileType = sourcecode.c.h; path = safer.h; sourceTree = "<group>"; };
		1FF6468817B841BD00AD1A6F /* salsa.h */ = {isa = PBXFileReference; lastKnownFileType = sourcecode.c.h; path = salsa.h; sourceTree = "<group>"; };
		1FF6468917B841BD00AD1A6F /* seal.h */ = {isa = PBXFileReference; lastKnownFileType = sourcecode.c.h; path = seal.h; sourceTree = "<group>"; };
		1FF6468A17B841BD00AD1A6F /* secblock.h */ = {isa = PBXFileReference; lastKnownFileType = sourcecode.c.h; path = secblock.h; sourceTree = "<group>"; };
		1FF6468B17B841BD00AD1A6F /* seckey.h */ = {isa = PBXFileReference; lastKnownFileType = sourcecode.c.h; path = seckey.h; sourceTree = "<group>"; };
		1FF6468C17B841BD00AD1A6F /* seed.h */ = {isa = PBXFileReference; lastKnownFileType = sourcecode.c.h; path = seed.h; sourceTree = "<group>"; };
		1FF6468D17B841BD00AD1A6F /* serpent.h */ = {isa = PBXFileReference; lastKnownFileType = sourcecode.c.h; path = serpent.h; sourceTree = "<group>"; };
		1FF6468E17B841BD00AD1A6F /* serpentp.h */ = {isa = PBXFileReference; lastKnownFileType = sourcecode.c.h; path = serpentp.h; sourceTree = "<group>"; };
		1FF6468F17B841BD00AD1A6F /* sha.h */ = {isa = PBXFileReference; lastKnownFileType = sourcecode.c.h; path = sha.h; sourceTree = "<group>"; };
		1FF6469017B841BD00AD1A6F /* sha3.h */ = {isa = PBXFileReference; lastKnownFileType = sourcecode.c.h; path = sha3.h; sourceTree = "<group>"; };
		1FF6469117B841BD00AD1A6F /* shacal2.h */ = {isa = PBXFileReference; lastKnownFileType = sourcecode.c.h; path = shacal2.h; sourceTree = "<group>"; };
		1FF6469217B841BD00AD1A6F /* shark.h */ = {isa = PBXFileReference; lastKnownFileType = sourcecode.c.h; path = shark.h; sourceTree = "<group>"; };
		1FF6469317B841BD00AD1A6F /* simple.h */ = {isa = PBXFileReference; lastKnownFileType = sourcecode.c.h; path = simple.h; sourceTree = "<group>"; };
		1FF6469417B841BD00AD1A6F /* skipjack.h */ = {isa = PBXFileReference; lastKnownFileType = sourcecode.c.h; path = skipjack.h; sourceTree = "<group>"; };
		1FF6469517B841BD00AD1A6F /* smartptr.h */ = {isa = PBXFileReference; lastKnownFileType = sourcecode.c.h; path = smartptr.h; sourceTree = "<group>"; };
		1FF6469617B841BD00AD1A6F /* socketft.h */ = {isa = PBXFileReference; lastKnownFileType = sourcecode.c.h; path = socketft.h; sourceTree = "<group>"; };
		1FF6469717B841BD00AD1A6F /* sosemanuk.h */ = {isa = PBXFileReference; lastKnownFileType = sourcecode.c.h; path = sosemanuk.h; sourceTree = "<group>"; };
		1FF6469817B841BD00AD1A6F /* square.h */ = {isa = PBXFileReference; lastKnownFileType = sourcecode.c.h; path = square.h; sourceTree = "<group>"; };
		1FF6469917B841BD00AD1A6F /* stdcpp.h */ = {isa = PBXFileReference; lastKnownFileType = sourcecode.c.h; path = stdcpp.h; sourceTree = "<group>"; };
		1FF6469A17B841BD00AD1A6F /* strciphr.h */ = {isa = PBXFileReference; lastKnownFileType = sourcecode.c.h; path = strciphr.h; sourceTree = "<group>"; };
		1FF6469B17B841BD00AD1A6F /* tea.h */ = {isa = PBXFileReference; lastKnownFileType = sourcecode.c.h; path = tea.h; sourceTree = "<group>"; };
		1FF6469C17B841BD00AD1A6F /* tiger.h */ = {isa = PBXFileReference; lastKnownFileType = sourcecode.c.h; path = tiger.h; sourceTree = "<group>"; };
		1FF6469D17B841BD00AD1A6F /* trdlocal.h */ = {isa = PBXFileReference; lastKnownFileType = sourcecode.c.h; path = trdlocal.h; sourceTree = "<group>"; };
		1FF6469E17B841BD00AD1A6F /* trunhash.h */ = {isa = PBXFileReference; lastKnownFileType = sourcecode.c.h; path = trunhash.h; sourceTree = "<group>"; };
		1FF6469F17B841BD00AD1A6F /* ttmac.h */ = {isa = PBXFileReference; lastKnownFileType = sourcecode.c.h; path = ttmac.h; sourceTree = "<group>"; };
		1FF646A017B841BD00AD1A6F /* twofish.h */ = {isa = PBXFileReference; lastKnownFileType = sourcecode.c.h; path = twofish.h; sourceTree = "<group>"; };
		1FF646A117B841BD00AD1A6F /* validate.h */ = {isa = PBXFileReference; lastKnownFileType = sourcecode.c.h; path = validate.h; sourceTree = "<group>"; };
		1FF646A217B841BD00AD1A6F /* vmac.h */ = {isa = PBXFileReference; lastKnownFileType = sourcecode.c.h; path = vmac.h; sourceTree = "<group>"; };
		1FF646A317B841BD00AD1A6F /* wait.h */ = {isa = PBXFileReference; lastKnownFileType = sourcecode.c.h; path = wait.h; sourceTree = "<group>"; };
		1FF646A417B841BD00AD1A6F /* wake.h */ = {isa = PBXFileReference; lastKnownFileType = sourcecode.c.h; path = wake.h; sourceTree = "<group>"; };
		1FF646A517B841BD00AD1A6F /* whrlpool.h */ = {isa = PBXFileReference; lastKnownFileType = sourcecode.c.h; path = whrlpool.h; sourceTree = "<group>"; };
		1FF646A617B841BD00AD1A6F /* winpipes.h */ = {isa = PBXFileReference; lastKnownFileType = sourcecode.c.h; path = winpipes.h; sourceTree = "<group>"; };
		1FF646A717B841BD00AD1A6F /* words.h */ = {isa = PBXFileReference; lastKnownFileType = sourcecode.c.h; path = words.h; sourceTree = "<group>"; };
		1FF646A817B841BD00AD1A6F /* xtr.h */ = {isa = PBXFileReference; lastKnownFileType = sourcecode.c.h; path = xtr.h; sourceTree = "<group>"; };
		1FF646A917B841BD00AD1A6F /* xtrcrypt.h */ = {isa = PBXFileReference; lastKnownFileType = sourcecode.c.h; path = xtrcrypt.h; sourceTree = "<group>"; };
		1FF646AA17B841BD00AD1A6F /* zdeflate.h */ = {isa = PBXFileReference; lastKnownFileType = sourcecode.c.h; path = zdeflate.h; sourceTree = "<group>"; };
		1FF646AB17B841BD00AD1A6F /* zinflate.h */ = {isa = PBXFileReference; lastKnownFileType = sourcecode.c.h; path = zinflate.h; sourceTree = "<group>"; };
		1FF646AC17B841BD00AD1A6F /* zlib.h */ = {isa = PBXFileReference; lastKnownFileType = sourcecode.c.h; path = zlib.h; sourceTree = "<group>"; };
/* End PBXFileReference section */

/* Begin PBXFrameworksBuildPhase section */
		1F259261179F160B003D388B /* Frameworks */ = {
			isa = PBXFrameworksBuildPhase;
			buildActionMask = 2147483647;
			files = (
				1FD31E9B17A095A50021D1EB /* libcryptopp.a in Frameworks */,
			);
			runOnlyForDeploymentPostprocessing = 0;
		};
		1F25926E179F161F003D388B /* Frameworks */ = {
			isa = PBXFrameworksBuildPhase;
			buildActionMask = 2147483647;
			files = (
				1FD31E9C17A095A50021D1EB /* libcryptopp.a in Frameworks */,
			);
			runOnlyForDeploymentPostprocessing = 0;
		};
		1F25927B179F166A003D388B /* Frameworks */ = {
			isa = PBXFrameworksBuildPhase;
			buildActionMask = 2147483647;
			files = (
				1FD31E9D17A095A50021D1EB /* libcryptopp.a in Frameworks */,
			);
			runOnlyForDeploymentPostprocessing = 0;
		};
/* End PBXFrameworksBuildPhase section */

/* Begin PBXGroup section */
		1F259246179F0D7C003D388B = {
			isa = PBXGroup;
			children = (
				1FF6462517B841BD00AD1A6F /* cryptopp headers */,
				1FD31E9F17A095AD0021D1EB /* library files */,
				1F7623D017BD7DD700923F70 /* Timer */,
				1F259265179F160B003D388B /* encrypt */,
				1F259272179F161F003D388B /* decrypt */,
				1F25927F179F166A003D388B /* keygen */,
				1F259250179F0D7C003D388B /* Products */,
			);
			sourceTree = "<group>";
		};
		1F259250179F0D7C003D388B /* Products */ = {
			isa = PBXGroup;
			children = (
				1F259264179F160B003D388B /* encrypt */,
				1F259271179F161F003D388B /* decrypt */,
				1F25927E179F166A003D388B /* keygen */,
			);
			name = Products;
			sourceTree = "<group>";
		};
		1F259265179F160B003D388B /* encrypt */ = {
			isa = PBXGroup;
			children = (
				1F259266179F160B003D388B /* main.cpp */,
				1F259268179F160B003D388B /* encrypt.1 */,
			);
			path = encrypt;
			sourceTree = "<group>";
		};
		1F259272179F161F003D388B /* decrypt */ = {
			isa = PBXGroup;
			children = (
				1F259273179F161F003D388B /* main.cpp */,
				1F259275179F161F003D388B /* decrypt.1 */,
			);
			path = decrypt;
			sourceTree = "<group>";
		};
		1F25927F179F166A003D388B /* keygen */ = {
			isa = PBXGroup;
			children = (
				1F259280179F166A003D388B /* main.cpp */,
				1F259282179F166A003D388B /* keygen.1 */,
			);
			path = keygen;
			sourceTree = "<group>";
		};
		1F7623D017BD7DD700923F70 /* Timer */ = {
			isa = PBXGroup;
			children = (
				1F7623CB17BD789D00923F70 /* Timer.h */,
				1F7623CC17BD795700923F70 /* Timer.cpp */,
			);
			name = Timer;
			path = encrypt;
			sourceTree = "<group>";
		};
		1FD31E9F17A095AD0021D1EB /* library files */ = {
			isa = PBXGroup;
			children = (
				1FD31E9A17A095A40021D1EB /* libcryptopp.a */,
			);
			name = "library files";
			sourceTree = "<group>";
		};
		1FF6462517B841BD00AD1A6F /* cryptopp headers */ = {
			isa = PBXGroup;
			children = (
				1FF6462617B841BD00AD1A6F /* 3way.h */,
				1FF6462717B841BD00AD1A6F /* adler32.h */,
				1FF6462817B841BD00AD1A6F /* aes.h */,
				1FF6462917B841BD00AD1A6F /* algebra.h */,
				1FF6462A17B841BD00AD1A6F /* algparam.h */,
				1FF6462B17B841BD00AD1A6F /* arc4.h */,
				1FF6462C17B841BD00AD1A6F /* argnames.h */,
				1FF6462D17B841BD00AD1A6F /* asn.h */,
				1FF6462E17B841BD00AD1A6F /* authenc.h */,
				1FF6462F17B841BD00AD1A6F /* base32.h */,
				1FF6463017B841BD00AD1A6F /* base64.h */,
				1FF6463117B841BD00AD1A6F /* basecode.h */,
				1FF6463217B841BD00AD1A6F /* bench.h */,
				1FF6463317B841BD00AD1A6F /* blowfish.h */,
				1FF6463417B841BD00AD1A6F /* blumshub.h */,
				1FF6463517B841BD00AD1A6F /* camellia.h */,
				1FF6463617B841BD00AD1A6F /* cast.h */,
				1FF6463717B841BD00AD1A6F /* cbcmac.h */,
				1FF6463817B841BD00AD1A6F /* ccm.h */,
				1FF6463917B841BD00AD1A6F /* channels.h */,
				1FF6463A17B841BD00AD1A6F /* cmac.h */,
				1FF6463B17B841BD00AD1A6F /* config.h */,
				1FF6463C17B841BD00AD1A6F /* cpu.h */,
				1FF6463D17B841BD00AD1A6F /* crc.h */,
				1FF6463E17B841BD00AD1A6F /* cryptlib.h */,
				1FF6463F17B841BD00AD1A6F /* default.h */,
				1FF6464017B841BD00AD1A6F /* des.h */,
				1FF6464117B841BD00AD1A6F /* dh.h */,
				1FF6464217B841BD00AD1A6F /* dh2.h */,
				1FF6464317B841BD00AD1A6F /* dll.h */,
				1FF6464417B841BD00AD1A6F /* dmac.h */,
				1FF6464517B841BD00AD1A6F /* dsa.h */,
				1FF6464617B841BD00AD1A6F /* eax.h */,
				1FF6464717B841BD00AD1A6F /* ec2n.h */,
				1FF6464817B841BD00AD1A6F /* eccrypto.h */,
				1FF6464917B841BD00AD1A6F /* ecp.h */,
				1FF6464A17B841BD00AD1A6F /* elgamal.h */,
				1FF6464B17B841BD00AD1A6F /* emsa2.h */,
				1FF6464C17B841BD00AD1A6F /* eprecomp.h */,
				1FF6464D17B841BD00AD1A6F /* esign.h */,
				1FF6464E17B841BD00AD1A6F /* factory.h */,
				1FF6464F17B841BD00AD1A6F /* files.h */,
				1FF6465017B841BD00AD1A6F /* filters.h */,
				1FF6465117B841BD00AD1A6F /* fips140.h */,
				1FF6465217B841BD00AD1A6F /* fltrimpl.h */,
				1FF6465317B841BD00AD1A6F /* gcm.h */,
				1FF6465417B841BD00AD1A6F /* gf256.h */,
				1FF6465517B841BD00AD1A6F /* gf2_32.h */,
				1FF6465617B841BD00AD1A6F /* gf2n.h */,
				1FF6465717B841BD00AD1A6F /* gfpcrypt.h */,
				1FF6465817B841BD00AD1A6F /* gost.h */,
				1FF6465917B841BD00AD1A6F /* gzip.h */,
				1FF6465A17B841BD00AD1A6F /* hex.h */,
				1FF6465B17B841BD00AD1A6F /* hmac.h */,
				1FF6465C17B841BD00AD1A6F /* hrtimer.h */,
				1FF6465D17B841BD00AD1A6F /* ida.h */,
				1FF6465E17B841BD00AD1A6F /* idea.h */,
				1FF6465F17B841BD00AD1A6F /* integer.h */,
				1FF6466017B841BD00AD1A6F /* iterhash.h */,
				1FF6466117B841BD00AD1A6F /* lubyrack.h */,
				1FF6466217B841BD00AD1A6F /* luc.h */,
				1FF6466317B841BD00AD1A6F /* mars.h */,
				1FF6466417B841BD00AD1A6F /* md2.h */,
				1FF6466517B841BD00AD1A6F /* md4.h */,
				1FF6466617B841BD00AD1A6F /* md5.h */,
				1FF6466717B841BD00AD1A6F /* mdc.h */,
				1FF6466817B841BD00AD1A6F /* misc.h */,
				1FF6466917B841BD00AD1A6F /* modarith.h */,
				1FF6466A17B841BD00AD1A6F /* modes.h */,
				1FF6466B17B841BD00AD1A6F /* modexppc.h */,
				1FF6466C17B841BD00AD1A6F /* mqueue.h */,
				1FF6466D17B841BD00AD1A6F /* mqv.h */,
				1FF6466E17B841BD00AD1A6F /* nbtheory.h */,
				1FF6466F17B841BD00AD1A6F /* network.h */,
				1FF6467017B841BD00AD1A6F /* nr.h */,
				1FF6467117B841BD00AD1A6F /* oaep.h */,
				1FF6467217B841BD00AD1A6F /* oids.h */,
				1FF6467317B841BD00AD1A6F /* osrng.h */,
				1FF6467417B841BD00AD1A6F /* panama.h */,
				1FF6467517B841BD00AD1A6F /* pch.h */,
				1FF6467617B841BD00AD1A6F /* pkcspad.h */,
				1FF6467717B841BD00AD1A6F /* polynomi.h */,
				1FF6467817B841BD00AD1A6F /* pssr.h */,
				1FF6467917B841BD00AD1A6F /* pubkey.h */,
				1FF6467A17B841BD00AD1A6F /* pwdbased.h */,
				1FF6467B17B841BD00AD1A6F /* queue.h */,
				1FF6467C17B841BD00AD1A6F /* rabin.h */,
				1FF6467D17B841BD00AD1A6F /* randpool.h */,
				1FF6467E17B841BD00AD1A6F /* rc2.h */,
				1FF6467F17B841BD00AD1A6F /* rc5.h */,
				1FF6468017B841BD00AD1A6F /* rc6.h */,
				1FF6468117B841BD00AD1A6F /* resource.h */,
				1FF6468217B841BD00AD1A6F /* rijndael.h */,
				1FF6468317B841BD00AD1A6F /* ripemd.h */,
				1FF6468417B841BD00AD1A6F /* rng.h */,
				1FF6468517B841BD00AD1A6F /* rsa.h */,
				1FF6468617B841BD00AD1A6F /* rw.h */,
				1FF6468717B841BD00AD1A6F /* safer.h */,
				1FF6468817B841BD00AD1A6F /* salsa.h */,
				1FF6468917B841BD00AD1A6F /* seal.h */,
				1FF6468A17B841BD00AD1A6F /* secblock.h */,
				1FF6468B17B841BD00AD1A6F /* seckey.h */,
				1FF6468C17B841BD00AD1A6F /* seed.h */,
				1FF6468D17B841BD00AD1A6F /* serpent.h */,
				1FF6468E17B841BD00AD1A6F /* serpentp.h */,
				1FF6468F17B841BD00AD1A6F /* sha.h */,
				1FF6469017B841BD00AD1A6F /* sha3.h */,
				1FF6469117B841BD00AD1A6F /* shacal2.h */,
				1FF6469217B841BD00AD1A6F /* shark.h */,
				1FF6469317B841BD00AD1A6F /* simple.h */,
				1FF6469417B841BD00AD1A6F /* skipjack.h */,
				1FF6469517B841BD00AD1A6F /* smartptr.h */,
				1FF6469617B841BD00AD1A6F /* socketft.h */,
				1FF6469717B841BD00AD1A6F /* sosemanuk.h */,
				1FF6469817B841BD00AD1A6F /* square.h */,
				1FF6469917B841BD00AD1A6F /* stdcpp.h */,
				1FF6469A17B841BD00AD1A6F /* strciphr.h */,
				1FF6469B17B841BD00AD1A6F /* tea.h */,
				1FF6469C17B841BD00AD1A6F /* tiger.h */,
				1FF6469D17B841BD00AD1A6F /* trdlocal.h */,
				1FF6469E17B841BD00AD1A6F /* trunhash.h */,
				1FF6469F17B841BD00AD1A6F /* ttmac.h */,
				1FF646A017B841BD00AD1A6F /* twofish.h */,
				1FF646A117B841BD00AD1A6F /* validate.h */,
				1FF646A217B841BD00AD1A6F /* vmac.h */,
				1FF646A317B841BD00AD1A6F /* wait.h */,
				1FF646A417B841BD00AD1A6F /* wake.h */,
				1FF646A517B841BD00AD1A6F /* whrlpool.h */,
				1FF646A617B841BD00AD1A6F /* winpipes.h */,
				1FF646A717B841BD00AD1A6F /* words.h */,
				1FF646A817B841BD00AD1A6F /* xtr.h */,
				1FF646A917B841BD00AD1A6F /* xtrcrypt.h */,
				1FF646AA17B841BD00AD1A6F /* zdeflate.h */,
				1FF646AB17B841BD00AD1A6F /* zinflate.h */,
				1FF646AC17B841BD00AD1A6F /* zlib.h */,
			);
			path = "cryptopp headers";
			sourceTree = "<group>";
		};
/* End PBXGroup section */

/* Begin PBXNativeTarget section */
		1F259263179F160B003D388B /* encrypt */ = {
			isa = PBXNativeTarget;
			buildConfigurationList = 1F25926A179F160B003D388B /* Build configuration list for PBXNativeTarget "encrypt" */;
			buildPhases = (
				1F259260179F160B003D388B /* Sources */,
				1F259261179F160B003D388B /* Frameworks */,
				1F259262179F160B003D388B /* CopyFiles */,
			);
			buildRules = (
			);
			dependencies = (
			);
			name = encrypt;
			productName = encrypt;
			productReference = 1F259264179F160B003D388B /* encrypt */;
			productType = "com.apple.product-type.tool";
		};
		1F259270179F161F003D388B /* decrypt */ = {
			isa = PBXNativeTarget;
			buildConfigurationList = 1F259277179F161F003D388B /* Build configuration list for PBXNativeTarget "decrypt" */;
			buildPhases = (
				1F25926D179F161F003D388B /* Sources */,
				1F25926E179F161F003D388B /* Frameworks */,
				1F25926F179F161F003D388B /* CopyFiles */,
			);
			buildRules = (
			);
			dependencies = (
			);
			name = decrypt;
			productName = decrypt;
			productReference = 1F259271179F161F003D388B /* decrypt */;
			productType = "com.apple.product-type.tool";
		};
		1F25927D179F166A003D388B /* keygen */ = {
			isa = PBXNativeTarget;
			buildConfigurationList = 1F259284179F166A003D388B /* Build configuration list for PBXNativeTarget "keygen" */;
			buildPhases = (
				1F25927A179F166A003D388B /* Sources */,
				1F25927B179F166A003D388B /* Frameworks */,
				1F25927C179F166A003D388B /* CopyFiles */,
			);
			buildRules = (
			);
			dependencies = (
			);
			name = keygen;
			productName = keygen;
			productReference = 1F25927E179F166A003D388B /* keygen */;
			productType = "com.apple.product-type.tool";
		};
/* End PBXNativeTarget section */

/* Begin PBXProject section */
		1F259247179F0D7C003D388B /* Project object */ = {
			isa = PBXProject;
			attributes = {
				LastUpgradeCheck = 0460;
				ORGANIZATIONNAME = "Jeff Phillips";
			};
			buildConfigurationList = 1F25924A179F0D7C003D388B /* Build configuration list for PBXProject "final project" */;
			compatibilityVersion = "Xcode 3.2";
			developmentRegion = English;
			hasScannedForEncodings = 0;
			knownRegions = (
				en,
			);
			mainGroup = 1F259246179F0D7C003D388B;
			productRefGroup = 1F259250179F0D7C003D388B /* Products */;
			projectDirPath = "";
			projectRoot = "";
			targets = (
				1F259263179F160B003D388B /* encrypt */,
				1F259270179F161F003D388B /* decrypt */,
				1F25927D179F166A003D388B /* keygen */,
			);
		};
/* End PBXProject section */

/* Begin PBXSourcesBuildPhase section */
		1F259260179F160B003D388B /* Sources */ = {
			isa = PBXSourcesBuildPhase;
			buildActionMask = 2147483647;
			files = (
				1F259267179F160B003D388B /* main.cpp in Sources */,
				1F7623CD17BD795700923F70 /* Timer.cpp in Sources */,
			);
			runOnlyForDeploymentPostprocessing = 0;
		};
		1F25926D179F161F003D388B /* Sources */ = {
			isa = PBXSourcesBuildPhase;
			buildActionMask = 2147483647;
			files = (
				1F259274179F161F003D388B /* main.cpp in Sources */,
				1F7623CE17BD795700923F70 /* Timer.cpp in Sources */,
			);
			runOnlyForDeploymentPostprocessing = 0;
		};
		1F25927A179F166A003D388B /* Sources */ = {
			isa = PBXSourcesBuildPhase;
			buildActionMask = 2147483647;
			files = (
				1F259281179F166A003D388B /* main.cpp in Sources */,
				1F7623CF17BD795700923F70 /* Timer.cpp in Sources */,
			);
			runOnlyForDeploymentPostprocessing = 0;
		};
/* End PBXSourcesBuildPhase section */

/* Begin XCBuildConfiguration section */
		1F259256179F0D7C003D388B /* Debug */ = {
			isa = XCBuildConfiguration;
			buildSettings = {
				ALWAYS_SEARCH_USER_PATHS = NO;
				ARCHS = "$(ARCHS_STANDARD_64_BIT)";
				CLANG_CXX_LANGUAGE_STANDARD = "gnu++0x";
				CLANG_CXX_LIBRARY = "libc++";
				CLANG_ENABLE_OBJC_ARC = YES;
				CLANG_WARN_CONSTANT_CONVERSION = YES;
				CLANG_WARN_EMPTY_BODY = YES;
				CLANG_WARN_ENUM_CONVERSION = YES;
				CLANG_WARN_INT_CONVERSION = YES;
				CLANG_WARN__DUPLICATE_METHOD_MATCH = YES;
				COPY_PHASE_STRIP = NO;
				GCC_C_LANGUAGE_STANDARD = gnu99;
				GCC_DYNAMIC_NO_PIC = NO;
				GCC_ENABLE_OBJC_EXCEPTIONS = YES;
				GCC_OPTIMIZATION_LEVEL = 0;
				GCC_PREPROCESSOR_DEFINITIONS = (
					"DEBUG=1",
					"$(inherited)",
				);
				GCC_SYMBOLS_PRIVATE_EXTERN = NO;
				GCC_VERSION = com.apple.compilers.llvmgcc42;
				GCC_WARN_64_TO_32_BIT_CONVERSION = YES;
				GCC_WARN_ABOUT_RETURN_TYPE = YES;
				GCC_WARN_UNINITIALIZED_AUTOS = YES;
				GCC_WARN_UNUSED_VARIABLE = YES;
				MACOSX_DEPLOYMENT_TARGET = 10.8;
				ONLY_ACTIVE_ARCH = YES;
				OTHER_OSACOMPILEFLAGS = "";
				SDKROOT = macosx;
			};
			name = Debug;
		};
		1F259257179F0D7C003D388B /* Release */ = {
			isa = XCBuildConfiguration;
			buildSettings = {
				ALWAYS_SEARCH_USER_PATHS = NO;
				ARCHS = "$(ARCHS_STANDARD_64_BIT)";
				CLANG_CXX_LANGUAGE_STANDARD = "gnu++0x";
				CLANG_CXX_LIBRARY = "libc++";
				CLANG_ENABLE_OBJC_ARC = YES;
				CLANG_WARN_CONSTANT_CONVERSION = YES;
				CLANG_WARN_EMPTY_BODY = YES;
				CLANG_WARN_ENUM_CONVERSION = YES;
				CLANG_WARN_INT_CONVERSION = YES;
				CLANG_WARN__DUPLICATE_METHOD_MATCH = YES;
				COPY_PHASE_STRIP = YES;
				DEBUG_INFORMATION_FORMAT = "dwarf-with-dsym";
				GCC_C_LANGUAGE_STANDARD = gnu99;
				GCC_ENABLE_OBJC_EXCEPTIONS = YES;
				GCC_VERSION = com.apple.compilers.llvmgcc42;
				GCC_WARN_64_TO_32_BIT_CONVERSION = YES;
				GCC_WARN_ABOUT_RETURN_TYPE = YES;
				GCC_WARN_UNINITIALIZED_AUTOS = YES;
				GCC_WARN_UNUSED_VARIABLE = YES;
				MACOSX_DEPLOYMENT_TARGET = 10.8;
				OTHER_OSACOMPILEFLAGS = "";
				SDKROOT = macosx;
			};
			name = Release;
		};
		1F25926B179F160B003D388B /* Debug */ = {
			isa = XCBuildConfiguration;
			buildSettings = {
				GCC_VERSION = com.apple.compilers.llvmgcc42;
				LIBRARY_SEARCH_PATHS = (
					"$(inherited)",
					"\"$(SRCROOT)/../../../../../Library/Developer/Xcode/DerivedData/Modern_Crypto-dddufzsnnvrdjhdftjwkpotqjmpc/Build/Products/Debug\"",
					"\"$(SRCROOT)\"",
				);
				PRODUCT_NAME = "$(TARGET_NAME)";
			};
			name = Debug;
		};
		1F25926C179F160B003D388B /* Release */ = {
			isa = XCBuildConfiguration;
			buildSettings = {
				GCC_VERSION = com.apple.compilers.llvmgcc42;
				LIBRARY_SEARCH_PATHS = (
					"$(inherited)",
					"\"$(SRCROOT)/../../../../../Library/Developer/Xcode/DerivedData/Modern_Crypto-dddufzsnnvrdjhdftjwkpotqjmpc/Build/Products/Debug\"",
					"\"$(SRCROOT)\"",
				);
				PRODUCT_NAME = "$(TARGET_NAME)";
			};
			name = Release;
		};
		1F259278179F161F003D388B /* Debug */ = {
			isa = XCBuildConfiguration;
			buildSettings = {
				GCC_VERSION = com.apple.compilers.llvmgcc42;
				LIBRARY_SEARCH_PATHS = (
					"$(inherited)",
					"\"$(SRCROOT)\"",
				);
				PRODUCT_NAME = "$(TARGET_NAME)";
			};
			name = Debug;
		};
		1F259279179F161F003D388B /* Release */ = {
			isa = XCBuildConfiguration;
			buildSettings = {
				GCC_VERSION = com.apple.compilers.llvmgcc42;
				LIBRARY_SEARCH_PATHS = (
					"$(inherited)",
					"\"$(SRCROOT)\"",
				);
				PRODUCT_NAME = "$(TARGET_NAME)";
			};
			name = Release;
		};
		1F259285179F166A003D388B /* Debug */ = {
			isa = XCBuildConfiguration;
			buildSettings = {
				GCC_VERSION = com.apple.compilers.llvmgcc42;
				LIBRARY_SEARCH_PATHS = (
					"$(inherited)",
					"\"$(SRCROOT)\"",
				);
				PRODUCT_NAME = "$(TARGET_NAME)";
			};
			name = Debug;
		};
		1F259286179F166A003D388B /* Release */ = {
			isa = XCBuildConfiguration;
			buildSettings = {
				GCC_VERSION = com.apple.compilers.llvmgcc42;
				LIBRARY_SEARCH_PATHS = (
					"$(inherited)",
					"\"$(SRCROOT)\"",
				);
				PRODUCT_NAME = "$(TARGET_NAME)";
			};
			name = Release;
		};
/* End XCBuildConfiguration section */

/* Begin XCConfigurationList section */
		1F25924A179F0D7C003D388B /* Build configuration list for PBXProject "final project" */ = {
			isa = XCConfigurationList;
			buildConfigurations = (
				1F259256179F0D7C003D388B /* Debug */,
				1F259257179F0D7C003D388B /* Release */,
			);
			defaultConfigurationIsVisible = 0;
			defaultConfigurationName = Release;
		};
		1F25926A179F160B003D388B /* Build configuration list for PBXNativeTarget "encrypt" */ = {
			isa = XCConfigurationList;
			buildConfigurations = (
				1F25926B179F160B003D388B /* Debug */,
				1F25926C179F160B003D388B /* Release */,
			);
			defaultConfigurationIsVisible = 0;
			defaultConfigurationName = Release;
		};
		1F259277179F161F003D388B /* Build configuration list for PBXNativeTarget "decrypt" */ = {
			isa = XCConfigurationList;
			buildConfigurations = (
				1F259278179F161F003D388B /* Debug */,
				1F259279179F161F003D388B /* Release */,
			);
			defaultConfigurationIsVisible = 0;
			defaultConfigurationName = Release;
		};
		1F259284179F166A003D388B /* Build configuration list for PBXNativeTarget "keygen" */ = {
			isa = XCConfigurationList;
			buildConfigurations = (
				1F259285179F166A003D388B /* Debug */,
				1F259286179F166A003D388B /* Release */,
			);
			defaultConfigurationIsVisible = 0;
			defaultConfigurationName = Release;
		};
/* End XCConfigurationList section */
	};
	rootObject = 1F259247179F0D7C003D388B /* Project object */;
}
